
Microsoft Visual Studio Solution File, Format Version 12.00
# Visual Studio Version 16
VisualStudioVersion = 16.0.31205.134
MinimumVisualStudioVersion = 10.0.40219.1
Project("{FAE04EC0-301F-11D3-BF4B-00C04F79EFBC}") = "StockMachine.Trade", "StockMachine.Trade\StockMachine.Trade.csproj", "{62D254C0-C51A-46E4-8EA8-95F0A40EC450}"
EndProject
Project("{FAE04EC0-301F-11D3-BF4B-00C04F79EFBC}") = "Automation.Trade", "Automation.Trade\Automation.Trade.csproj", "{B80E3390-020B-4698-B3DE-DCF6BD10F4B5}"
EndProject
Project("{FAE04EC0-301F-11D3-BF4B-00C04F79EFBC}") = "Trading.Core", "Trading.Core\Trading.Core.csproj", "{A8AF67B8-A100-4BAB-A264-9D7ADBC65234}"
EndProject
Global
	GlobalSection(SolutionConfigurationPlatforms) = preSolution
		Debug|Any CPU = Debug|Any CPU
		Release|Any CPU = Release|Any CPU
	EndGlobalSection
	GlobalSection(ProjectConfigurationPlatforms) = postSolution
		{62D254C0-C51A-46E4-8EA8-95F0A40EC450}.Debug|Any CPU.ActiveCfg = Debug|Any CPU
		{62D254C0-C51A-46E4-8EA8-95F0A40EC450}.Debug|Any CPU.Build.0 = Debug|Any CPU
		{62D254C0-C51A-46E4-8EA8-95F0A40EC450}.Release|Any CPU.ActiveCfg = Release|Any CPU
		{62D254C0-C51A-46E4-8EA8-95F0A40EC450}.Release|Any CPU.Build.0 = Release|Any CPU
		{B80E3390-020B-4698-B3DE-DCF6BD10F4B5}.Debug|Any CPU.ActiveCfg = Debug|Any CPU
		{B80E3390-020B-4698-B3DE-DCF6BD10F4B5}.Debug|Any CPU.Build.0 = Debug|Any CPU
		{B80E3390-020B-4698-B3DE-DCF6BD10F4B5}.Release|Any CPU.ActiveCfg = Release|Any CPU
		{B80E3390-020B-4698-B3DE-DCF6BD10F4B5}.Release|Any CPU.Build.0 = Release|Any CPU
		{A8AF67B8-A100-4BAB-A264-9D7ADBC65234}.Debug|Any CPU.ActiveCfg = Debug|Any CPU
		{A8AF67B8-A100-4BAB-A264-9D7ADBC65234}.Debug|Any CPU.Build.0 = Debug|Any CPU
		{A8AF67B8-A100-4BAB-A264-9D7ADBC65234}.Release|Any CPU.ActiveCfg = Release|Any CPU
		{A8AF67B8-A100-4BAB-A264-9D7ADBC65234}.Release|Any CPU.Build.0 = Release|Any CPU
	EndGlobalSection
	GlobalSection(SolutionProperties) = preSolution
		HideSolutionNode = FALSE
	EndGlobalSection
	GlobalSection(ExtensibilityGlobals) = postSolution
		SolutionGuid = {4CAF9178-623A-4F2A-A46E-0DE8996C097A}
	EndGlobalSection
EndGlobal
